
Microsoft Visual Studio Solution File, Format Version 12.00
# Visual Studio Version 17
VisualStudioVersion = 17.13.35828.75 d17.13
MinimumVisualStudioVersion = 10.0.40219.1
Project("{FAE04EC0-301F-11D3-BF4B-00C04F79EFBC}") = "Encapsulation Record", "Encapsulation Record\Encapsulation Record.csproj", "{30BC8CA0-8B81-490E-AE8F-5A369EA5D2F3}"
EndProject
Global
	GlobalSection(SolutionConfigurationPlatforms) = preSolution
		Debug|Any CPU = Debug|Any CPU
		Release|Any CPU = Release|Any CPU
	EndGlobalSection
	GlobalSection(ProjectConfigurationPlatforms) = postSolution
		{30BC8CA0-8B81-490E-AE8F-5A369EA5D2F3}.Debug|Any CPU.ActiveCfg = Debug|Any CPU
		{30BC8CA0-8B81-490E-AE8F-5A369EA5D2F3}.Debug|Any CPU.Build.0 = Debug|Any CPU
		{30BC8CA0-8B81-490E-AE8F-5A369EA5D2F3}.Release|Any CPU.ActiveCfg = Release|Any CPU
		{30BC8CA0-8B81-490E-AE8F-5A369EA5D2F3}.Release|Any CPU.Build.0 = Release|Any CPU
	EndGlobalSection
	GlobalSection(SolutionProperties) = preSolution
		HideSolutionNode = FALSE
	EndGlobalSection
	GlobalSection(ExtensibilityGlobals) = postSolution
		SolutionGuid = {2C415A71-BB38-455D-BC9A-FEB26F3E1C65}
	EndGlobalSection
EndGlobal
